// !$*UTF8*$!
{
	archiveVersion = 1;
	classes = {
	};
	objectVersion = 46;
	objects = {

/* Begin PBXBuildFile section */
		9C46EB231B04076F00EB79FD /* main.m in Sources */ = {isa = PBXBuildFile; fileRef = 9C46EB221B04076F00EB79FD /* main.m */; };
		9C46EB261B04076F00EB79FD /* AppDelegate.m in Sources */ = {isa = PBXBuildFile; fileRef = 9C46EB251B04076F00EB79FD /* AppDelegate.m */; };
		9C46EB291B04076F00EB79FD /* ViewController.m in Sources */ = {isa = PBXBuildFile; fileRef = 9C46EB281B04076F00EB79FD /* ViewController.m */; };
		9C46EB2C1B04076F00EB79FD /* Main.storyboard in Resources */ = {isa = PBXBuildFile; fileRef = 9C46EB2A1B04076F00EB79FD /* Main.storyboard */; };
		9C46EB2E1B04076F00EB79FD /* Images.xcassets in Resources */ = {isa = PBXBuildFile; fileRef = 9C46EB2D1B04076F00EB79FD /* Images.xcassets */; };
		9C46EB311B04076F00EB79FD /* LaunchScreen.xib in Resources */ = {isa = PBXBuildFile; fileRef = 9C46EB2F1B04076F00EB79FD /* LaunchScreen.xib */; };
		9C46EB3D1B04076F00EB79FD /* AutoLayoutProjectTests.m in Sources */ = {isa = PBXBuildFile; fileRef = 9C46EB3C1B04076F00EB79FD /* AutoLayoutProjectTests.m */; };
/* End PBXBuildFile section */

/* Begin PBXContainerItemProxy section */
		9C46EB371B04076F00EB79FD /* PBXContainerItemProxy */ = {
			isa = PBXContainerItemProxy;
			containerPortal = 9C46EB151B04076F00EB79FD /* Project object */;
			proxyType = 1;
			remoteGlobalIDString = 9C46EB1C1B04076F00EB79FD;
			remoteInfo = AutoLayoutProject;
		};
/* End PBXContainerItemProxy section */

/* Begin PBXFileReference section */
		9C46EB1D1B04076F00EB79FD /* AutoLayoutProject.app */ = {isa = PBXFileReference; explicitFileType = wrapper.application; includeInIndex = 0; path = AutoLayoutProject.app; sourceTree = BUILT_PRODUCTS_DIR; };
		9C46EB211B04076F00EB79FD /* Info.plist */ = {isa = PBXFileReference; lastKnownFileType = text.plist.xml; path = Info.plist; sourceTree = "<group>"; };
		9C46EB221B04076F00EB79FD /* main.m */ = {isa = PBXFileReference; lastKnownFileType = sourcecode.c.objc; path = main.m; sourceTree = "<group>"; };
		9C46EB241B04076F00EB79FD /* AppDelegate.h */ = {isa = PBXFileReference; lastKnownFileType = sourcecode.c.h; path = AppDelegate.h; sourceTree = "<group>"; };
		9C46EB251B04076F00EB79FD /* AppDelegate.m */ = {isa = PBXFileReference; lastKnownFileType = sourcecode.c.objc; path = AppDelegate.m; sourceTree = "<group>"; };
		9C46EB271B04076F00EB79FD /* ViewController.h */ = {isa = PBXFileReference; lastKnownFileType = sourcecode.c.h; path = ViewController.h; sourceTree = "<group>"; };
		9C46EB281B04076F00EB79FD /* ViewController.m */ = {isa = PBXFileReference; lastKnownFileType = sourcecode.c.objc; path = ViewController.m; sourceTree = "<group>"; };
		9C46EB2B1B04076F00EB79FD /* Base */ = {isa = PBXFileReference; lastKnownFileType = file.storyboard; name = Base; path = Base.lproj/Main.storyboard; sourceTree = "<group>"; };
		9C46EB2D1B04076F00EB79FD /* Images.xcassets */ = {isa = PBXFileReference; lastKnownFileType = folder.assetcatalog; path = Images.xcassets; sourceTree = "<group>"; };
		9C46EB301B04076F00EB79FD /* Base */ = {isa = PBXFileReference; lastKnownFileType = file.xib; name = Base; path = Base.lproj/LaunchScreen.xib; sourceTree = "<group>"; };
		9C46EB361B04076F00EB79FD /* AutoLayoutProjectTests.xctest */ = {isa = PBXFileReference; explicitFileType = wrapper.cfbundle; includeInIndex = 0; path = AutoLayoutProjectTests.xctest; sourceTree = BUILT_PRODUCTS_DIR; };
		9C46EB3B1B04076F00EB79FD /* Info.plist */ = {isa = PBXFileReference; lastKnownFileType = text.plist.xml; path = Info.plist; sourceTree = "<group>"; };
		9C46EB3C1B04076F00EB79FD /* AutoLayoutProjectTests.m */ = {isa = PBXFileReference; lastKnownFileType = sourcecode.c.objc; path = AutoLayoutProjectTests.m; sourceTree = "<group>"; };
/* End PBXFileReference section */

/* Begin PBXFrameworksBuildPhase section */
		9C46EB1A1B04076F00EB79FD /* Frameworks */ = {
			isa = PBXFrameworksBuildPhase;
			buildActionMask = 2147483647;
			files = (
			);
			runOnlyForDeploymentPostprocessing = 0;
		};
		9C46EB331B04076F00EB79FD /* Frameworks */ = {
			isa = PBXFrameworksBuildPhase;
			buildActionMask = 2147483647;
			files = (
			);
			runOnlyForDeploymentPostprocessing = 0;
		};
/* End PBXFrameworksBuildPhase section */

/* Begin PBXGroup section */
		9C46EB141B04076F00EB79FD = {
			isa = PBXGroup;
			children = (
				9C46EB1F1B04076F00EB79FD /* AutoLayoutProject */,
				9C46EB391B04076F00EB79FD /* AutoLayoutProjectTests */,
				9C46EB1E1B04076F00EB79FD /* Products */,
			);
			sourceTree = "<group>";
		};
		9C46EB1E1B04076F00EB79FD /* Products */ = {
			isa = PBXGroup;
			children = (
				9C46EB1D1B04076F00EB79FD /* AutoLayoutProject.app */,
				9C46EB361B04076F00EB79FD /* AutoLayoutProjectTests.xctest */,
			);
			name = Products;
			sourceTree = "<group>";
		};
		9C46EB1F1B04076F00EB79FD /* AutoLayoutProject */ = {
			isa = PBXGroup;
			children = (
				9C46EB241B04076F00EB79FD /* AppDelegate.h */,
				9C46EB251B04076F00EB79FD /* AppDelegate.m */,
				9C46EB271B04076F00EB79FD /* ViewController.h */,
				9C46EB281B04076F00EB79FD /* ViewController.m */,
				9C46EB2A1B04076F00EB79FD /* Main.storyboard */,
				9C46EB2D1B04076F00EB79FD /* Images.xcassets */,
				9C46EB2F1B04076F00EB79FD /* LaunchScreen.xib */,
				9C46EB201B04076F00EB79FD /* Supporting Files */,
			);
			path = AutoLayoutProject;
			sourceTree = "<group>";
		};
		9C46EB201B04076F00EB79FD /* Supporting Files */ = {
			isa = PBXGroup;
			children = (
				9C46EB211B04076F00EB79FD /* Info.plist */,
				9C46EB221B04076F00EB79FD /* main.m */,
			);
			name = "Supporting Files";
			sourceTree = "<group>";
		};
		9C46EB391B04076F00EB79FD /* AutoLayoutProjectTests */ = {
			isa = PBXGroup;
			children = (
				9C46EB3C1B04076F00EB79FD /* AutoLayoutProjectTests.m */,
				9C46EB3A1B04076F00EB79FD /* Supporting Files */,
			);
			path = AutoLayoutProjectTests;
			sourceTree = "<group>";
		};
		9C46EB3A1B04076F00EB79FD /* Supporting Files */ = {
			isa = PBXGroup;
			children = (
				9C46EB3B1B04076F00EB79FD /* Info.plist */,
			);
			name = "Supporting Files";
			sourceTree = "<group>";
		};
/* End PBXGroup section */

/* Begin PBXNativeTarget section */
		9C46EB1C1B04076F00EB79FD /* AutoLayoutProject */ = {
			isa = PBXNativeTarget;
			buildConfigurationList = 9C46EB401B04076F00EB79FD /* Build configuration list for PBXNativeTarget "AutoLayoutProject" */;
			buildPhases = (
				9C46EB191B04076F00EB79FD /* Sources */,
				9C46EB1A1B04076F00EB79FD /* Frameworks */,
				9C46EB1B1B04076F00EB79FD /* Resources */,
			);
			buildRules = (
			);
			dependencies = (
			);
			name = AutoLayoutProject;
			productName = AutoLayoutProject;
			productReference = 9C46EB1D1B04076F00EB79FD /* AutoLayoutProject.app */;
			productType = "com.apple.product-type.application";
		};
		9C46EB351B04076F00EB79FD /* AutoLayoutProjectTests */ = {
			isa = PBXNativeTarget;
			buildConfigurationList = 9C46EB431B04076F00EB79FD /* Build configuration list for PBXNativeTarget "AutoLayoutProjectTests" */;
			buildPhases = (
				9C46EB321B04076F00EB79FD /* Sources */,
				9C46EB331B04076F00EB79FD /* Frameworks */,
				9C46EB341B04076F00EB79FD /* Resources */,
			);
			buildRules = (
			);
			dependencies = (
				9C46EB381B04076F00EB79FD /* PBXTargetDependency */,
			);
			name = AutoLayoutProjectTests;
			productName = AutoLayoutProjectTests;
			productReference = 9C46EB361B04076F00EB79FD /* AutoLayoutProjectTests.xctest */;
			productType = "com.apple.product-type.bundle.unit-test";
		};
/* End PBXNativeTarget section */

/* Begin PBXProject section */
		9C46EB151B04076F00EB79FD /* Project object */ = {
			isa = PBXProject;
			attributes = {
				LastUpgradeCheck = 0610;
				ORGANIZATIONNAME = JWANG;
				TargetAttributes = {
					9C46EB1C1B04076F00EB79FD = {
						CreatedOnToolsVersion = 6.1.1;
					};
					9C46EB351B04076F00EB79FD = {
						CreatedOnToolsVersion = 6.1.1;
						TestTargetID = 9C46EB1C1B04076F00EB79FD;
					};
				};
			};
			buildConfigurationList = 9C46EB181B04076F00EB79FD /* Build configuration list for PBXProject "AutoLayoutProject" */;
			compatibilityVersion = "Xcode 3.2";
			developmentRegion = English;
			hasScannedForEncodings = 0;
			knownRegions = (
				en,
				Base,
			);
			mainGroup = 9C46EB141B04076F00EB79FD;
			productRefGroup = 9C46EB1E1B04076F00EB79FD /* Products */;
			projectDirPath = "";
			projectRoot = "";
			targets = (
				9C46EB1C1B04076F00EB79FD /* AutoLayoutProject */,
				9C46EB351B04076F00EB79FD /* AutoLayoutProjectTests */,
			);
		};
/* End PBXProject section */

/* Begin PBXResourcesBuildPhase section */
		9C46EB1B1B04076F00EB79FD /* Resources */ = {
			isa = PBXResourcesBuildPhase;
			buildActionMask = 2147483647;
			files = (
				9C46EB2C1B04076F00EB79FD /* Main.storyboard in Resources */,
				9C46EB311B04076F00EB79FD /* LaunchScreen.xib in Resources */,
				9C46EB2E1B04076F00EB79FD /* Images.xcassets in Resources */,
			);
			runOnlyForDeploymentPostprocessing = 0;
		};
		9C46EB341B04076F00EB79FD /* Resources */ = {
			isa = PBXResourcesBuildPhase;
			buildActionMask = 2147483647;
			files = (
			);
			runOnlyForDeploymentPostprocessing = 0;
		};
/* End PBXResourcesBuildPhase section */

/* Begin PBXSourcesBuildPhase section */
		9C46EB191B04076F00EB79FD /* Sources */ = {
			isa = PBXSourcesBuildPhase;
			buildActionMask = 2147483647;
			files = (
				9C46EB291B04076F00EB79FD /* ViewController.m in Sources */,
				9C46EB261B04076F00EB79FD /* AppDelegate.m in Sources */,
				9C46EB231B04076F00EB79FD /* main.m in Sources */,
			);
			runOnlyForDeploymentPostprocessing = 0;
		};
		9C46EB321B04076F00EB79FD /* Sources */ = {
			isa = PBXSourcesBuildPhase;
			buildActionMask = 2147483647;
			files = (
				9C46EB3D1B04076F00EB79FD /* AutoLayoutProjectTests.m in Sources */,
			);
			runOnlyForDeploymentPostprocessing = 0;
		};
/* End PBXSourcesBuildPhase section */

/* Begin PBXTargetDependency section */
		9C46EB381B04076F00EB79FD /* PBXTargetDependency */ = {
			isa = PBXTargetDependency;
			target = 9C46EB1C1B04076F00EB79FD /* AutoLayoutProject */;
			targetProxy = 9C46EB371B04076F00EB79FD /* PBXContainerItemProxy */;
		};
/* End PBXTargetDependency section */

/* Begin PBXVariantGroup section */
		9C46EB2A1B04076F00EB79FD /* Main.storyboard */ = {
			isa = PBXVariantGroup;
			children = (
				9C46EB2B1B04076F00EB79FD /* Base */,
			);
			name = Main.storyboard;
			sourceTree = "<group>";
		};
		9C46EB2F1B04076F00EB79FD /* LaunchScreen.xib */ = {
			isa = PBXVariantGroup;
			children = (
				9C46EB301B04076F00EB79FD /* Base */,
			);
			name = LaunchScreen.xib;
			sourceTree = "<group>";
		};
/* End PBXVariantGroup section */

/* Begin XCBuildConfiguration section */
		9C46EB3E1B04076F00EB79FD /* Debug */ = {
			isa = XCBuildConfiguration;
			buildSettings = {
				ALWAYS_SEARCH_USER_PATHS = NO;
				CLANG_CXX_LANGUAGE_STANDARD = "gnu++0x";
				CLANG_CXX_LIBRARY = "libc++";
				CLANG_ENABLE_MODULES = YES;
				CLANG_ENABLE_OBJC_ARC = YES;
				CLANG_WARN_BOOL_CONVERSION = YES;
				CLANG_WARN_CONSTANT_CONVERSION = YES;
				CLANG_WARN_DIRECT_OBJC_ISA_USAGE = YES_ERROR;
				CLANG_WARN_EMPTY_BODY = YES;
				CLANG_WARN_ENUM_CONVERSION = YES;
				CLANG_WARN_INT_CONVERSION = YES;
				CLANG_WARN_OBJC_ROOT_CLASS = YES_ERROR;
				CLANG_WARN_UNREACHABLE_CODE = YES;
				CLANG_WARN__DUPLICATE_METHOD_MATCH = YES;
				"CODE_SIGN_IDENTITY[sdk=iphoneos*]" = "iPhone Developer";
				COPY_PHASE_STRIP = NO;
				ENABLE_STRICT_OBJC_MSGSEND = YES;
				GCC_C_LANGUAGE_STANDARD = gnu99;
				GCC_DYNAMIC_NO_PIC = NO;
				GCC_OPTIMIZATION_LEVEL = 0;
				GCC_PREPROCESSOR_DEFINITIONS = (
					"DEBUG=1",
					"$(inherited)",
				);
				GCC_SYMBOLS_PRIVATE_EXTERN = NO;
				GCC_WARN_64_TO_32_BIT_CONVERSION = YES;
				GCC_WARN_ABOUT_RETURN_TYPE = YES_ERROR;
				GCC_WARN_UNDECLARED_SELECTOR = YES;
				GCC_WARN_UNINITIALIZED_AUTOS = YES_AGGRESSIVE;
				GCC_WARN_UNUSED_FUNCTION = YES;
				GCC_WARN_UNUSED_VARIABLE = YES;
				IPHONEOS_DEPLOYMENT_TARGET = 8.1;
				MTL_ENABLE_DEBUG_INFO = YES;
				ONLY_ACTIVE_ARCH = YES;
				SDKROOT = iphoneos;
			};
			name = Debug;
		};
		9C46EB3F1B04076F00EB79FD /* Release */ = {
			isa = XCBuildConfiguration;
			buildSettings = {
				ALWAYS_SEARCH_USER_PATHS = NO;
				CLANG_CXX_LANGUAGE_STANDARD = "gnu++0x";
				CLANG_CXX_LIBRARY = "libc++";
				CLANG_ENABLE_MODULES = YES;
				CLANG_ENABLE_OBJC_ARC = YES;
				CLANG_WARN_BOOL_CONVERSION = YES;
				CLANG_WARN_CONSTANT_CONVERSION = YES;
				CLANG_WARN_DIRECT_OBJC_ISA_USAGE = YES_ERROR;
				CLANG_WARN_EMPTY_BODY = YES;
				CLANG_WARN_ENUM_CONVERSION = YES;
				CLANG_WARN_INT_CONVERSION = YES;
				CLANG_WARN_OBJC_ROOT_CLASS = YES_ERROR;
				CLANG_WARN_UNREACHABLE_CODE = YES;
				CLANG_WARN__DUPLICATE_METHOD_MATCH = YES;
				"CODE_SIGN_IDENTITY[sdk=iphoneos*]" = "iPhone Developer";
				COPY_PHASE_STRIP = YES;
				ENABLE_NS_ASSERTIONS = NO;
				ENABLE_STRICT_OBJC_MSGSEND = YES;
				GCC_C_LANGUAGE_STANDARD = gnu99;
				GCC_WARN_64_TO_32_BIT_CONVERSION = YES;
				GCC_WARN_ABOUT_RETURN_TYPE = YES_ERROR;
				GCC_WARN_UNDECLARED_SELECTOR = YES;
				GCC_WARN_UNINITIALIZED_AUTOS = YES_AGGRESSIVE;
				GCC_WARN_UNUSED_FUNCTION = YES;
				GCC_WARN_UNUSED_VARIABLE = YES;
				IPHONEOS_DEPLOYMENT_TARGET = 8.1;
				MTL_ENABLE_DEBUG_INFO = NO;
				SDKROOT = iphoneos;
				VALIDATE_PRODUCT = YES;
			};
			name = Release;
		};
		9C46EB411B04076F00EB79FD /* Debug */ = {
			isa = XCBuildConfiguration;
			buildSettings = {
				ASSETCATALOG_COMPILER_APPICON_NAME = AppIcon;
				INFOPLIST_FILE = AutoLayoutProject/Info.plist;
				LD_RUNPATH_SEARCH_PATHS = "$(inherited) @executable_path/Frameworks";
				PRODUCT_NAME = "$(TARGET_NAME)";
			};
			name = Debug;
		};
		9C46EB421B04076F00EB79FD /* Release */ = {
			isa = XCBuildConfiguration;
			buildSettings = {
				ASSETCATALOG_COMPILER_APPICON_NAME = AppIcon;
				INFOPLIST_FILE = AutoLayoutProject/Info.plist;
				LD_RUNPATH_SEARCH_PATHS = "$(inherited) @executable_path/Frameworks";
				PRODUCT_NAME = "$(TARGET_NAME)";
			};
			name = Release;
		};
		9C46EB441B04076F00EB79FD /* Debug */ = {
			isa = XCBuildConfiguration;
			buildSettings = {
				BUNDLE_LOADER = "$(TEST_HOST)";
				FRAMEWORK_SEARCH_PATHS = (
					"$(SDKROOT)/Developer/Library/Frameworks",
					"$(inherited)",
				);
				GCC_PREPROCESSOR_DEFINITIONS = (
					"DEBUG=1",
					"$(inherited)",
				);
				INFOPLIST_FILE = AutoLayoutProjectTests/Info.plist;
				LD_RUNPATH_SEARCH_PATHS = "$(inherited) @executable_path/Frameworks @loader_path/Frameworks";
				PRODUCT_NAME = "$(TARGET_NAME)";
				TEST_HOST = "$(BUILT_PRODUCTS_DIR)/AutoLayoutProject.app/AutoLayoutProject";
			};
			name = Debug;
		};
		9C46EB451B04076F00EB79FD /* Release */ = {
			isa = XCBuildConfiguration;
			buildSettings = {
				BUNDLE_LOADER = "$(TEST_HOST)";
				FRAMEWORK_SEARCH_PATHS = (
					"$(SDKROOT)/Developer/Library/Frameworks",
					"$(inherited)",
				);
				INFOPLIST_FILE = AutoLayoutProjectTests/Info.plist;
				LD_RUNPATH_SEARCH_PATHS = "$(inherited) @executable_path/Frameworks @loader_path/Frameworks";
				PRODUCT_NAME = "$(TARGET_NAME)";
				TEST_HOST = "$(BUILT_PRODUCTS_DIR)/AutoLayoutProject.app/AutoLayoutProject";
			};
			name = Release;
		};
/* End XCBuildConfiguration section */

/* Begin XCConfigurationList section */
		9C46EB181B04076F00EB79FD /* Build configuration list for PBXProject "AutoLayoutProject" */ = {
			isa = XCConfigurationList;
			buildConfigurations = (
				9C46EB3E1B04076F00EB79FD /* Debug */,
				9C46EB3F1B04076F00EB79FD /* Release */,
			);
			defaultConfigurationIsVisible = 0;
			defaultConfigurationName = Release;
		};
		9C46EB401B04076F00EB79FD /* Build configuration list for PBXNativeTarget "AutoLayoutProject" */ = {
			isa = XCConfigurationList;
			buildConfigurations = (
				9C46EB411B04076F00EB79FD /* Debug */,
				9C46EB421B04076F00EB79FD /* Release */,
			);
			defaultConfigurationIsVisible = 0;
		};
		9C46EB431B04076F00EB79FD /* Build configuration list for PBXNativeTarget "AutoLayoutProjectTests" */ = {
			isa = XCConfigurationList;
			buildConfigurations = (
				9C46EB441B04076F00EB79FD /* Debug */,
				9C46EB451B04076F00EB79FD /* Release */,
			);
			defaultConfigurationIsVisible = 0;
		};
/* End XCConfigurationList section */
	};
	rootObject = 9C46EB151B04076F00EB79FD /* Project object */;
}
